{
  "name": "Getahead_Teachally",
  "lockfileVersion": 3,
  "requires": true,
  "packages": {
    "": {
      "dependencies": {
        "sprucecss": "^2.3.1"
      }
    },
    "node_modules/sprucecss": {
      "version": "2.3.1",
      "resolved": "https://registry.npmjs.org/sprucecss/-/sprucecss-2.3.1.tgz",
      "integrity": "sha512-Hz7vHYLpo/doApgIK4fy+CI+Acc830ZmFbpq9sXFrGp2nPP0hrb6YPqv6drN1PgIOZWZ6SrkItLUvKC702XLmg=="
    }
  }
}
